// !$*UTF8*$!
{
	archiveVersion = 1;
	classes = {
	};
	objectVersion = 50;
	objects = {

/* Begin PBXBuildFile section */
		07E0D958264E7CE700D31ADB /* AppDelegate.m in Sources */ = {isa = PBXBuildFile; fileRef = 07E0D957264E7CE700D31ADB /* AppDelegate.m */; };
		07E0D95B264E7CE700D31ADB /* SceneDelegate.m in Sources */ = {isa = PBXBuildFile; fileRef = 07E0D95A264E7CE700D31ADB /* SceneDelegate.m */; };
		07E0D95E264E7CE700D31ADB /* ViewController.m in Sources */ = {isa = PBXBuildFile; fileRef = 07E0D95D264E7CE700D31ADB /* ViewController.m */; };
		07E0D961264E7CE700D31ADB /* Main.storyboard in Resources */ = {isa = PBXBuildFile; fileRef = 07E0D95F264E7CE700D31ADB /* Main.storyboard */; };
		07E0D963264E7CE900D31ADB /* Assets.xcassets in Resources */ = {isa = PBXBuildFile; fileRef = 07E0D962264E7CE900D31ADB /* Assets.xcassets */; };
		07E0D966264E7CE900D31ADB /* LaunchScreen.storyboard in Resources */ = {isa = PBXBuildFile; fileRef = 07E0D964264E7CE900D31ADB /* LaunchScreen.storyboard */; };
		07E0D969264E7CE900D31ADB /* main.m in Sources */ = {isa = PBXBuildFile; fileRef = 07E0D968264E7CE900D31ADB /* main.m */; };
		07E0D973264E7CE900D31ADB /* Demo_interfaceTests.m in Sources */ = {isa = PBXBuildFile; fileRef = 07E0D972264E7CE900D31ADB /* Demo_interfaceTests.m */; };
		07E0D97E264E7CE900D31ADB /* Demo_interfaceUITests.m in Sources */ = {isa = PBXBuildFile; fileRef = 07E0D97D264E7CE900D31ADB /* Demo_interfaceUITests.m */; };
		07E0D996264E7DB900D31ADB /* Client.m in Sources */ = {isa = PBXBuildFile; fileRef = 07E0D995264E7DB900D31ADB /* Client.m */; };
		07E0D99F264E805500D31ADB /* MQTTTransport.m in Sources */ = {isa = PBXBuildFile; fileRef = 07E0D99E264E805500D31ADB /* MQTTTransport.m */; };
		07E0D9A5264E81B700D31ADB /* MQTTCFSocketTransport.m in Sources */ = {isa = PBXBuildFile; fileRef = 07E0D9A4264E81B700D31ADB /* MQTTCFSocketTransport.m */; };
/* End PBXBuildFile section */

/* Begin PBXContainerItemProxy section */
		07E0D96F264E7CE900D31ADB /* PBXContainerItemProxy */ = {
			isa = PBXContainerItemProxy;
			containerPortal = 07E0D94B264E7CE700D31ADB /* Project object */;
			proxyType = 1;
			remoteGlobalIDString = 07E0D952264E7CE700D31ADB;
			remoteInfo = "Demo-interface";
		};
		07E0D97A264E7CE900D31ADB /* PBXContainerItemProxy */ = {
			isa = PBXContainerItemProxy;
			containerPortal = 07E0D94B264E7CE700D31ADB /* Project object */;
			proxyType = 1;
			remoteGlobalIDString = 07E0D952264E7CE700D31ADB;
			remoteInfo = "Demo-interface";
		};
/* End PBXContainerItemProxy section */

/* Begin PBXFileReference section */
		07E0D953264E7CE700D31ADB /* Demo-interface.app */ = {isa = PBXFileReference; explicitFileType = wrapper.application; includeInIndex = 0; path = "Demo-interface.app"; sourceTree = BUILT_PRODUCTS_DIR; };
		07E0D956264E7CE700D31ADB /* AppDelegate.h */ = {isa = PBXFileReference; lastKnownFileType = sourcecode.c.h; path = AppDelegate.h; sourceTree = "<group>"; };
		07E0D957264E7CE700D31ADB /* AppDelegate.m */ = {isa = PBXFileReference; lastKnownFileType = sourcecode.c.objc; path = AppDelegate.m; sourceTree = "<group>"; };
		07E0D959264E7CE700D31ADB /* SceneDelegate.h */ = {isa = PBXFileReference; lastKnownFileType = sourcecode.c.h; path = SceneDelegate.h; sourceTree = "<group>"; };
		07E0D95A264E7CE700D31ADB /* SceneDelegate.m */ = {isa = PBXFileReference; lastKnownFileType = sourcecode.c.objc; path = SceneDelegate.m; sourceTree = "<group>"; };
		07E0D95C264E7CE700D31ADB /* ViewController.h */ = {isa = PBXFileReference; lastKnownFileType = sourcecode.c.h; path = ViewController.h; sourceTree = "<group>"; };
		07E0D95D264E7CE700D31ADB /* ViewController.m */ = {isa = PBXFileReference; lastKnownFileType = sourcecode.c.objc; path = ViewController.m; sourceTree = "<group>"; };
		07E0D960264E7CE700D31ADB /* Base */ = {isa = PBXFileReference; lastKnownFileType = file.storyboard; name = Base; path = Base.lproj/Main.storyboard; sourceTree = "<group>"; };
		07E0D962264E7CE900D31ADB /* Assets.xcassets */ = {isa = PBXFileReference; lastKnownFileType = folder.assetcatalog; path = Assets.xcassets; sourceTree = "<group>"; };
		07E0D965264E7CE900D31ADB /* Base */ = {isa = PBXFileReference; lastKnownFileType = file.storyboard; name = Base; path = Base.lproj/LaunchScreen.storyboard; sourceTree = "<group>"; };
		07E0D967264E7CE900D31ADB /* Info.plist */ = {isa = PBXFileReference; lastKnownFileType = text.plist.xml; path = Info.plist; sourceTree = "<group>"; };
		07E0D968264E7CE900D31ADB /* main.m */ = {isa = PBXFileReference; lastKnownFileType = sourcecode.c.objc; path = main.m; sourceTree = "<group>"; };
		07E0D96E264E7CE900D31ADB /* Demo-interfaceTests.xctest */ = {isa = PBXFileReference; explicitFileType = wrapper.cfbundle; includeInIndex = 0; path = "Demo-interfaceTests.xctest"; sourceTree = BUILT_PRODUCTS_DIR; };
		07E0D972264E7CE900D31ADB /* Demo_interfaceTests.m */ = {isa = PBXFileReference; lastKnownFileType = sourcecode.c.objc; path = Demo_interfaceTests.m; sourceTree = "<group>"; };
		07E0D974264E7CE900D31ADB /* Info.plist */ = {isa = PBXFileReference; lastKnownFileType = text.plist.xml; path = Info.plist; sourceTree = "<group>"; };
		07E0D979264E7CE900D31ADB /* Demo-interfaceUITests.xctest */ = {isa = PBXFileReference; explicitFileType = wrapper.cfbundle; includeInIndex = 0; path = "Demo-interfaceUITests.xctest"; sourceTree = BUILT_PRODUCTS_DIR; };
		07E0D97D264E7CE900D31ADB /* Demo_interfaceUITests.m */ = {isa = PBXFileReference; lastKnownFileType = sourcecode.c.objc; path = Demo_interfaceUITests.m; sourceTree = "<group>"; };
		07E0D97F264E7CE900D31ADB /* Info.plist */ = {isa = PBXFileReference; lastKnownFileType = text.plist.xml; path = Info.plist; sourceTree = "<group>"; };
		07E0D98E264E7D3D00D31ADB /* MQTTPersistence.h */ = {isa = PBXFileReference; lastKnownFileType = sourcecode.c.h; path = MQTTPersistence.h; sourceTree = "<group>"; };
		07E0D994264E7DB900D31ADB /* Client.h */ = {isa = PBXFileReference; lastKnownFileType = sourcecode.c.h; path = Client.h; sourceTree = "<group>"; };
		07E0D995264E7DB900D31ADB /* Client.m */ = {isa = PBXFileReference; lastKnownFileType = sourcecode.c.objc; path = Client.m; sourceTree = "<group>"; };
		07E0D99D264E805500D31ADB /* MQTTTransport.h */ = {isa = PBXFileReference; lastKnownFileType = sourcecode.c.h; path = MQTTTransport.h; sourceTree = "<group>"; };
		07E0D99E264E805500D31ADB /* MQTTTransport.m */ = {isa = PBXFileReference; lastKnownFileType = sourcecode.c.objc; path = MQTTTransport.m; sourceTree = "<group>"; };
		07E0D9A3264E81B700D31ADB /* MQTTCFSocketTransport.h */ = {isa = PBXFileReference; lastKnownFileType = sourcecode.c.h; path = MQTTCFSocketTransport.h; sourceTree = "<group>"; };
		07E0D9A4264E81B700D31ADB /* MQTTCFSocketTransport.m */ = {isa = PBXFileReference; lastKnownFileType = sourcecode.c.objc; path = MQTTCFSocketTransport.m; sourceTree = "<group>"; };
/* End PBXFileReference section */

/* Begin PBXFrameworksBuildPhase section */
		07E0D950264E7CE700D31ADB /* Frameworks */ = {
			isa = PBXFrameworksBuildPhase;
			buildActionMask = 2147483647;
			files = (
			);
			runOnlyForDeploymentPostprocessing = 0;
		};
		07E0D96B264E7CE900D31ADB /* Frameworks */ = {
			isa = PBXFrameworksBuildPhase;
			buildActionMask = 2147483647;
			files = (
			);
			runOnlyForDeploymentPostprocessing = 0;
		};
		07E0D976264E7CE900D31ADB /* Frameworks */ = {
			isa = PBXFrameworksBuildPhase;
			buildActionMask = 2147483647;
			files = (
			);
			runOnlyForDeploymentPostprocessing = 0;
		};
/* End PBXFrameworksBuildPhase section */

/* Begin PBXGroup section */
		07E0D94A264E7CE700D31ADB = {
			isa = PBXGroup;
			children = (
				07E0D955264E7CE700D31ADB /* Demo-interface */,
				07E0D971264E7CE900D31ADB /* Demo-interfaceTests */,
				07E0D97C264E7CE900D31ADB /* Demo-interfaceUITests */,
				07E0D954264E7CE700D31ADB /* Products */,
			);
			sourceTree = "<group>";
		};
		07E0D954264E7CE700D31ADB /* Products */ = {
			isa = PBXGroup;
			children = (
				07E0D953264E7CE700D31ADB /* Demo-interface.app */,
				07E0D96E264E7CE900D31ADB /* Demo-interfaceTests.xctest */,
				07E0D979264E7CE900D31ADB /* Demo-interfaceUITests.xctest */,
			);
			name = Products;
			sourceTree = "<group>";
		};
		07E0D955264E7CE700D31ADB /* Demo-interface */ = {
			isa = PBXGroup;
			children = (
				07E0D956264E7CE700D31ADB /* AppDelegate.h */,
				07E0D957264E7CE700D31ADB /* AppDelegate.m */,
				07E0D959264E7CE700D31ADB /* SceneDelegate.h */,
				07E0D95A264E7CE700D31ADB /* SceneDelegate.m */,
				07E0D95C264E7CE700D31ADB /* ViewController.h */,
				07E0D95D264E7CE700D31ADB /* ViewController.m */,
				07E0D95F264E7CE700D31ADB /* Main.storyboard */,
				07E0D962264E7CE900D31ADB /* Assets.xcassets */,
				07E0D964264E7CE900D31ADB /* LaunchScreen.storyboard */,
				07E0D967264E7CE900D31ADB /* Info.plist */,
				07E0D968264E7CE900D31ADB /* main.m */,
				07E0D98E264E7D3D00D31ADB /* MQTTPersistence.h */,
				07E0D994264E7DB900D31ADB /* Client.h */,
				07E0D995264E7DB900D31ADB /* Client.m */,
				07E0D99D264E805500D31ADB /* MQTTTransport.h */,
				07E0D99E264E805500D31ADB /* MQTTTransport.m */,
				07E0D9A3264E81B700D31ADB /* MQTTCFSocketTransport.h */,
				07E0D9A4264E81B700D31ADB /* MQTTCFSocketTransport.m */,
			);
			path = "Demo-interface";
			sourceTree = "<group>";
		};
		07E0D971264E7CE900D31ADB /* Demo-interfaceTests */ = {
			isa = PBXGroup;
			children = (
				07E0D972264E7CE900D31ADB /* Demo_interfaceTests.m */,
				07E0D974264E7CE900D31ADB /* Info.plist */,
			);
			path = "Demo-interfaceTests";
			sourceTree = "<group>";
		};
		07E0D97C264E7CE900D31ADB /* Demo-interfaceUITests */ = {
			isa = PBXGroup;
			children = (
				07E0D97D264E7CE900D31ADB /* Demo_interfaceUITests.m */,
				07E0D97F264E7CE900D31ADB /* Info.plist */,
			);
			path = "Demo-interfaceUITests";
			sourceTree = "<group>";
		};
/* End PBXGroup section */

/* Begin PBXNativeTarget section */
		07E0D952264E7CE700D31ADB /* Demo-interface */ = {
			isa = PBXNativeTarget;
			buildConfigurationList = 07E0D982264E7CE900D31ADB /* Build configuration list for PBXNativeTarget "Demo-interface" */;
			buildPhases = (
				07E0D94F264E7CE700D31ADB /* Sources */,
				07E0D950264E7CE700D31ADB /* Frameworks */,
				07E0D951264E7CE700D31ADB /* Resources */,
			);
			buildRules = (
			);
			dependencies = (
			);
			name = "Demo-interface";
			productName = "Demo-interface";
			productReference = 07E0D953264E7CE700D31ADB /* Demo-interface.app */;
			productType = "com.apple.product-type.application";
		};
		07E0D96D264E7CE900D31ADB /* Demo-interfaceTests */ = {
			isa = PBXNativeTarget;
			buildConfigurationList = 07E0D985264E7CE900D31ADB /* Build configuration list for PBXNativeTarget "Demo-interfaceTests" */;
			buildPhases = (
				07E0D96A264E7CE900D31ADB /* Sources */,
				07E0D96B264E7CE900D31ADB /* Frameworks */,
				07E0D96C264E7CE900D31ADB /* Resources */,
			);
			buildRules = (
			);
			dependencies = (
				07E0D970264E7CE900D31ADB /* PBXTargetDependency */,
			);
			name = "Demo-interfaceTests";
			productName = "Demo-interfaceTests";
			productReference = 07E0D96E264E7CE900D31ADB /* Demo-interfaceTests.xctest */;
			productType = "com.apple.product-type.bundle.unit-test";
		};
		07E0D978264E7CE900D31ADB /* Demo-interfaceUITests */ = {
			isa = PBXNativeTarget;
			buildConfigurationList = 07E0D988264E7CE900D31ADB /* Build configuration list for PBXNativeTarget "Demo-interfaceUITests" */;
			buildPhases = (
				07E0D975264E7CE900D31ADB /* Sources */,
				07E0D976264E7CE900D31ADB /* Frameworks */,
				07E0D977264E7CE900D31ADB /* Resources */,
			);
			buildRules = (
			);
			dependencies = (
				07E0D97B264E7CE900D31ADB /* PBXTargetDependency */,
			);
			name = "Demo-interfaceUITests";
			productName = "Demo-interfaceUITests";
			productReference = 07E0D979264E7CE900D31ADB /* Demo-interfaceUITests.xctest */;
			productType = "com.apple.product-type.bundle.ui-testing";
		};
/* End PBXNativeTarget section */

/* Begin PBXProject section */
		07E0D94B264E7CE700D31ADB /* Project object */ = {
			isa = PBXProject;
			attributes = {
				LastUpgradeCheck = 1200;
				TargetAttributes = {
					07E0D952264E7CE700D31ADB = {
						CreatedOnToolsVersion = 12.0;
					};
					07E0D96D264E7CE900D31ADB = {
						CreatedOnToolsVersion = 12.0;
						TestTargetID = 07E0D952264E7CE700D31ADB;
					};
					07E0D978264E7CE900D31ADB = {
						CreatedOnToolsVersion = 12.0;
						TestTargetID = 07E0D952264E7CE700D31ADB;
					};
				};
			};
			buildConfigurationList = 07E0D94E264E7CE700D31ADB /* Build configuration list for PBXProject "Demo-interface" */;
			compatibilityVersion = "Xcode 9.3";
			developmentRegion = en;
			hasScannedForEncodings = 0;
			knownRegions = (
				en,
				Base,
			);
			mainGroup = 07E0D94A264E7CE700D31ADB;
			productRefGroup = 07E0D954264E7CE700D31ADB /* Products */;
			projectDirPath = "";
			projectRoot = "";
			targets = (
				07E0D952264E7CE700D31ADB /* Demo-interface */,
				07E0D96D264E7CE900D31ADB /* Demo-interfaceTests */,
				07E0D978264E7CE900D31ADB /* Demo-interfaceUITests */,
			);
		};
/* End PBXProject section */

/* Begin PBXResourcesBuildPhase section */
		07E0D951264E7CE700D31ADB /* Resources */ = {
			isa = PBXResourcesBuildPhase;
			buildActionMask = 2147483647;
			files = (
				07E0D966264E7CE900D31ADB /* LaunchScreen.storyboard in Resources */,
				07E0D963264E7CE900D31ADB /* Assets.xcassets in Resources */,
				07E0D961264E7CE700D31ADB /* Main.storyboard in Resources */,
			);
			runOnlyForDeploymentPostprocessing = 0;
		};
		07E0D96C264E7CE900D31ADB /* Resources */ = {
			isa = PBXResourcesBuildPhase;
			buildActionMask = 2147483647;
			files = (
			);
			runOnlyForDeploymentPostprocessing = 0;
		};
		07E0D977264E7CE900D31ADB /* Resources */ = {
			isa = PBXResourcesBuildPhase;
			buildActionMask = 2147483647;
			files = (
			);
			runOnlyForDeploymentPostprocessing = 0;
		};
/* End PBXResourcesBuildPhase section */

/* Begin PBXSourcesBuildPhase section */
		07E0D94F264E7CE700D31ADB /* Sources */ = {
			isa = PBXSourcesBuildPhase;
			buildActionMask = 2147483647;
			files = (
				07E0D95E264E7CE700D31ADB /* ViewController.m in Sources */,
				07E0D996264E7DB900D31ADB /* Client.m in Sources */,
				07E0D9A5264E81B700D31ADB /* MQTTCFSocketTransport.m in Sources */,
				07E0D958264E7CE700D31ADB /* AppDelegate.m in Sources */,
				07E0D99F264E805500D31ADB /* MQTTTransport.m in Sources */,
				07E0D969264E7CE900D31ADB /* main.m in Sources */,
				07E0D95B264E7CE700D31ADB /* SceneDelegate.m in Sources */,
			);
			runOnlyForDeploymentPostprocessing = 0;
		};
		07E0D96A264E7CE900D31ADB /* Sources */ = {
			isa = PBXSourcesBuildPhase;
			buildActionMask = 2147483647;
			files = (
				07E0D973264E7CE900D31ADB /* Demo_interfaceTests.m in Sources */,
			);
			runOnlyForDeploymentPostprocessing = 0;
		};
		07E0D975264E7CE900D31ADB /* Sources */ = {
			isa = PBXSourcesBuildPhase;
			buildActionMask = 2147483647;
			files = (
				07E0D97E264E7CE900D31ADB /* Demo_interfaceUITests.m in Sources */,
			);
			runOnlyForDeploymentPostprocessing = 0;
		};
/* End PBXSourcesBuildPhase section */

/* Begin PBXTargetDependency section */
		07E0D970264E7CE900D31ADB /* PBXTargetDependency */ = {
			isa = PBXTargetDependency;
			target = 07E0D952264E7CE700D31ADB /* Demo-interface */;
			targetProxy = 07E0D96F264E7CE900D31ADB /* PBXContainerItemProxy */;
		};
		07E0D97B264E7CE900D31ADB /* PBXTargetDependency */ = {
			isa = PBXTargetDependency;
			target = 07E0D952264E7CE700D31ADB /* Demo-interface */;
			targetProxy = 07E0D97A264E7CE900D31ADB /* PBXContainerItemProxy */;
		};
/* End PBXTargetDependency section */

/* Begin PBXVariantGroup section */
		07E0D95F264E7CE700D31ADB /* Main.storyboard */ = {
			isa = PBXVariantGroup;
			children = (
				07E0D960264E7CE700D31ADB /* Base */,
			);
			name = Main.storyboard;
			sourceTree = "<group>";
		};
		07E0D964264E7CE900D31ADB /* LaunchScreen.storyboard */ = {
			isa = PBXVariantGroup;
			children = (
				07E0D965264E7CE900D31ADB /* Base */,
			);
			name = LaunchScreen.storyboard;
			sourceTree = "<group>";
		};
/* End PBXVariantGroup section */

/* Begin XCBuildConfiguration section */
		07E0D980264E7CE900D31ADB /* Debug */ = {
			isa = XCBuildConfiguration;
			buildSettings = {
				ALWAYS_SEARCH_USER_PATHS = NO;
				CLANG_ANALYZER_NONNULL = YES;
				CLANG_ANALYZER_NUMBER_OBJECT_CONVERSION = YES_AGGRESSIVE;
				CLANG_CXX_LANGUAGE_STANDARD = "gnu++14";
				CLANG_CXX_LIBRARY = "libc++";
				CLANG_ENABLE_MODULES = YES;
				CLANG_ENABLE_OBJC_ARC = YES;
				CLANG_ENABLE_OBJC_WEAK = YES;
				CLANG_WARN_BLOCK_CAPTURE_AUTORELEASING = YES;
				CLANG_WARN_BOOL_CONVERSION = YES;
				CLANG_WARN_COMMA = YES;
				CLANG_WARN_CONSTANT_CONVERSION = YES;
				CLANG_WARN_DEPRECATED_OBJC_IMPLEMENTATIONS = YES;
				CLANG_WARN_DIRECT_OBJC_ISA_USAGE = YES_ERROR;
				CLANG_WARN_DOCUMENTATION_COMMENTS = YES;
				CLANG_WARN_EMPTY_BODY = YES;
				CLANG_WARN_ENUM_CONVERSION = YES;
				CLANG_WARN_INFINITE_RECURSION = YES;
				CLANG_WARN_INT_CONVERSION = YES;
				CLANG_WARN_NON_LITERAL_NULL_CONVERSION = YES;
				CLANG_WARN_OBJC_IMPLICIT_RETAIN_SELF = YES;
				CLANG_WARN_OBJC_LITERAL_CONVERSION = YES;
				CLANG_WARN_OBJC_ROOT_CLASS = YES_ERROR;
				CLANG_WARN_QUOTED_INCLUDE_IN_FRAMEWORK_HEADER = YES;
				CLANG_WARN_RANGE_LOOP_ANALYSIS = YES;
				CLANG_WARN_STRICT_PROTOTYPES = YES;
				CLANG_WARN_SUSPICIOUS_MOVE = YES;
				CLANG_WARN_UNGUARDED_AVAILABILITY = YES_AGGRESSIVE;
				CLANG_WARN_UNREACHABLE_CODE = YES;
				CLANG_WARN__DUPLICATE_METHOD_MATCH = YES;
				COPY_PHASE_STRIP = NO;
				DEBUG_INFORMATION_FORMAT = dwarf;
				ENABLE_STRICT_OBJC_MSGSEND = YES;
				ENABLE_TESTABILITY = YES;
				GCC_C_LANGUAGE_STANDARD = gnu11;
				GCC_DYNAMIC_NO_PIC = NO;
				GCC_NO_COMMON_BLOCKS = YES;
				GCC_OPTIMIZATION_LEVEL = 0;
				GCC_PREPROCESSOR_DEFINITIONS = (
					"DEBUG=1",
					"$(inherited)",
				);
				GCC_WARN_64_TO_32_BIT_CONVERSION = YES;
				GCC_WARN_ABOUT_RETURN_TYPE = YES_ERROR;
				GCC_WARN_UNDECLARED_SELECTOR = YES;
				GCC_WARN_UNINITIALIZED_AUTOS = YES_AGGRESSIVE;
				GCC_WARN_UNUSED_FUNCTION = YES;
				GCC_WARN_UNUSED_VARIABLE = YES;
				IPHONEOS_DEPLOYMENT_TARGET = 14.0;
				MTL_ENABLE_DEBUG_INFO = INCLUDE_SOURCE;
				MTL_FAST_MATH = YES;
				ONLY_ACTIVE_ARCH = YES;
				SDKROOT = iphoneos;
			};
			name = Debug;
		};
		07E0D981264E7CE900D31ADB /* Release */ = {
			isa = XCBuildConfiguration;
			buildSettings = {
				ALWAYS_SEARCH_USER_PATHS = NO;
				CLANG_ANALYZER_NONNULL = YES;
				CLANG_ANALYZER_NUMBER_OBJECT_CONVERSION = YES_AGGRESSIVE;
				CLANG_CXX_LANGUAGE_STANDARD = "gnu++14";
				CLANG_CXX_LIBRARY = "libc++";
				CLANG_ENABLE_MODULES = YES;
				CLANG_ENABLE_OBJC_ARC = YES;
				CLANG_ENABLE_OBJC_WEAK = YES;
				CLANG_WARN_BLOCK_CAPTURE_AUTORELEASING = YES;
				CLANG_WARN_BOOL_CONVERSION = YES;
				CLANG_WARN_COMMA = YES;
				CLANG_WARN_CONSTANT_CONVERSION = YES;
				CLANG_WARN_DEPRECATED_OBJC_IMPLEMENTATIONS = YES;
				CLANG_WARN_DIRECT_OBJC_ISA_USAGE = YES_ERROR;
				CLANG_WARN_DOCUMENTATION_COMMENTS = YES;
				CLANG_WARN_EMPTY_BODY = YES;
				CLANG_WARN_ENUM_CONVERSION = YES;
				CLANG_WARN_INFINITE_RECURSION = YES;
				CLANG_WARN_INT_CONVERSION = YES;
				CLANG_WARN_NON_LITERAL_NULL_CONVERSION = YES;
				CLANG_WARN_OBJC_IMPLICIT_RETAIN_SELF = YES;
				CLANG_WARN_OBJC_LITERAL_CONVERSION = YES;
				CLANG_WARN_OBJC_ROOT_CLASS = YES_ERROR;
				CLANG_WARN_QUOTED_INCLUDE_IN_FRAMEWORK_HEADER = YES;
				CLANG_WARN_RANGE_LOOP_ANALYSIS = YES;
				CLANG_WARN_STRICT_PROTOTYPES = YES;
				CLANG_WARN_SUSPICIOUS_MOVE = YES;
				CLANG_WARN_UNGUARDED_AVAILABILITY = YES_AGGRESSIVE;
				CLANG_WARN_UNREACHABLE_CODE = YES;
				CLANG_WARN__DUPLICATE_METHOD_MATCH = YES;
				COPY_PHASE_STRIP = NO;
				DEBUG_INFORMATION_FORMAT = "dwarf-with-dsym";
				ENABLE_NS_ASSERTIONS = NO;
				ENABLE_STRICT_OBJC_MSGSEND = YES;
				GCC_C_LANGUAGE_STANDARD = gnu11;
				GCC_NO_COMMON_BLOCKS = YES;
				GCC_WARN_64_TO_32_BIT_CONVERSION = YES;
				GCC_WARN_ABOUT_RETURN_TYPE = YES_ERROR;
				GCC_WARN_UNDECLARED_SELECTOR = YES;
				GCC_WARN_UNINITIALIZED_AUTOS = YES_AGGRESSIVE;
				GCC_WARN_UNUSED_FUNCTION = YES;
				GCC_WARN_UNUSED_VARIABLE = YES;
				IPHONEOS_DEPLOYMENT_TARGET = 14.0;
				MTL_ENABLE_DEBUG_INFO = NO;
				MTL_FAST_MATH = YES;
				SDKROOT = iphoneos;
				VALIDATE_PRODUCT = YES;
			};
			name = Release;
		};
		07E0D983264E7CE900D31ADB /* Debug */ = {
			isa = XCBuildConfiguration;
			buildSettings = {
				ASSETCATALOG_COMPILER_APPICON_NAME = AppIcon;
				ASSETCATALOG_COMPILER_GLOBAL_ACCENT_COLOR_NAME = AccentColor;
				CODE_SIGN_STYLE = Automatic;
				INFOPLIST_FILE = "Demo-interface/Info.plist";
				LD_RUNPATH_SEARCH_PATHS = (
					"$(inherited)",
					"@executable_path/Frameworks",
				);
				PRODUCT_BUNDLE_IDENTIFIER = "com.leon.runtime.Demo-interface";
				PRODUCT_NAME = "$(TARGET_NAME)";
				TARGETED_DEVICE_FAMILY = "1,2";
			};
			name = Debug;
		};
		07E0D984264E7CE900D31ADB /* Release */ = {
			isa = XCBuildConfiguration;
			buildSettings = {
				ASSETCATALOG_COMPILER_APPICON_NAME = AppIcon;
				ASSETCATALOG_COMPILER_GLOBAL_ACCENT_COLOR_NAME = AccentColor;
				CODE_SIGN_STYLE = Automatic;
				INFOPLIST_FILE = "Demo-interface/Info.plist";
				LD_RUNPATH_SEARCH_PATHS = (
					"$(inherited)",
					"@executable_path/Frameworks",
				);
				PRODUCT_BUNDLE_IDENTIFIER = "com.leon.runtime.Demo-interface";
				PRODUCT_NAME = "$(TARGET_NAME)";
				TARGETED_DEVICE_FAMILY = "1,2";
			};
			name = Release;
		};
		07E0D986264E7CE900D31ADB /* Debug */ = {
			isa = XCBuildConfiguration;
			buildSettings = {
				BUNDLE_LOADER = "$(TEST_HOST)";
				CODE_SIGN_STYLE = Automatic;
				INFOPLIST_FILE = "Demo-interfaceTests/Info.plist";
				IPHONEOS_DEPLOYMENT_TARGET = 14.0;
				LD_RUNPATH_SEARCH_PATHS = (
					"$(inherited)",
					"@executable_path/Frameworks",
					"@loader_path/Frameworks",
				);
				PRODUCT_BUNDLE_IDENTIFIER = "com.leon.runtime.Demo-interfaceTests";
				PRODUCT_NAME = "$(TARGET_NAME)";
				TARGETED_DEVICE_FAMILY = "1,2";
				TEST_HOST = "$(BUILT_PRODUCTS_DIR)/Demo-interface.app/Demo-interface";
			};
			name = Debug;
		};
		07E0D987264E7CE900D31ADB /* Release */ = {
			isa = XCBuildConfiguration;
			buildSettings = {
				BUNDLE_LOADER = "$(TEST_HOST)";
				CODE_SIGN_STYLE = Automatic;
				INFOPLIST_FILE = "Demo-interfaceTests/Info.plist";
				IPHONEOS_DEPLOYMENT_TARGET = 14.0;
				LD_RUNPATH_SEARCH_PATHS = (
					"$(inherited)",
					"@executable_path/Frameworks",
					"@loader_path/Frameworks",
				);
				PRODUCT_BUNDLE_IDENTIFIER = "com.leon.runtime.Demo-interfaceTests";
				PRODUCT_NAME = "$(TARGET_NAME)";
				TARGETED_DEVICE_FAMILY = "1,2";
				TEST_HOST = "$(BUILT_PRODUCTS_DIR)/Demo-interface.app/Demo-interface";
			};
			name = Release;
		};
		07E0D989264E7CE900D31ADB /* Debug */ = {
			isa = XCBuildConfiguration;
			buildSettings = {
				CODE_SIGN_STYLE = Automatic;
				INFOPLIST_FILE = "Demo-interfaceUITests/Info.plist";
				LD_RUNPATH_SEARCH_PATHS = (
					"$(inherited)",
					"@executable_path/Frameworks",
					"@loader_path/Frameworks",
				);
				PRODUCT_BUNDLE_IDENTIFIER = "com.leon.runtime.Demo-interfaceUITests";
				PRODUCT_NAME = "$(TARGET_NAME)";
				TARGETED_DEVICE_FAMILY = "1,2";
				TEST_TARGET_NAME = "Demo-interface";
			};
			name = Debug;
		};
		07E0D98A264E7CE900D31ADB /* Release */ = {
			isa = XCBuildConfiguration;
			buildSettings = {
				CODE_SIGN_STYLE = Automatic;
				INFOPLIST_FILE = "Demo-interfaceUITests/Info.plist";
				LD_RUNPATH_SEARCH_PATHS = (
					"$(inherited)",
					"@executable_path/Frameworks",
					"@loader_path/Frameworks",
				);
				PRODUCT_BUNDLE_IDENTIFIER = "com.leon.runtime.Demo-interfaceUITests";
				PRODUCT_NAME = "$(TARGET_NAME)";
				TARGETED_DEVICE_FAMILY = "1,2";
				TEST_TARGET_NAME = "Demo-interface";
			};
			name = Release;
		};
/* End XCBuildConfiguration section */

/* Begin XCConfigurationList section */
		07E0D94E264E7CE700D31ADB /* Build configuration list for PBXProject "Demo-interface" */ = {
			isa = XCConfigurationList;
			buildConfigurations = (
				07E0D980264E7CE900D31ADB /* Debug */,
				07E0D981264E7CE900D31ADB /* Release */,
			);
			defaultConfigurationIsVisible = 0;
			defaultConfigurationName = Release;
		};
		07E0D982264E7CE900D31ADB /* Build configuration list for PBXNativeTarget "Demo-interface" */ = {
			isa = XCConfigurationList;
			buildConfigurations = (
				07E0D983264E7CE900D31ADB /* Debug */,
				07E0D984264E7CE900D31ADB /* Release */,
			);
			defaultConfigurationIsVisible = 0;
			defaultConfigurationName = Release;
		};
		07E0D985264E7CE900D31ADB /* Build configuration list for PBXNativeTarget "Demo-interfaceTests" */ = {
			isa = XCConfigurationList;
			buildConfigurations = (
				07E0D986264E7CE900D31ADB /* Debug */,
				07E0D987264E7CE900D31ADB /* Release */,
			);
			defaultConfigurationIsVisible = 0;
			defaultConfigurationName = Release;
		};
		07E0D988264E7CE900D31ADB /* Build configuration list for PBXNativeTarget "Demo-interfaceUITests" */ = {
			isa = XCConfigurationList;
			buildConfigurations = (
				07E0D989264E7CE900D31ADB /* Debug */,
				07E0D98A264E7CE900D31ADB /* Release */,
			);
			defaultConfigurationIsVisible = 0;
			defaultConfigurationName = Release;
		};
/* End XCConfigurationList section */
	};
	rootObject = 07E0D94B264E7CE700D31ADB /* Project object */;
}
